
Microsoft Visual Studio Solution File, Format Version 12.00
# Visual Studio Version 16
VisualStudioVersion = 16.0.30907.101
MinimumVisualStudioVersion = 10.0.40219.1
Project("{FAE04EC0-301F-11D3-BF4B-00C04F79EFBC}") = "QLQuanCafe", "QLQuanCafe\QLQuanCafe.csproj", "{1ADE9CF1-20AF-4CD8-90C8-F32E65B93769}"
EndProject
Global
	GlobalSection(SolutionConfigurationPlatforms) = preSolution
		Debug|Any CPU = Debug|Any CPU
		Release|Any CPU = Release|Any CPU
	EndGlobalSection
	GlobalSection(ProjectConfigurationPlatforms) = postSolution
		{1ADE9CF1-20AF-4CD8-90C8-F32E65B93769}.Debug|Any CPU.ActiveCfg = Debug|Any CPU
		{1ADE9CF1-20AF-4CD8-90C8-F32E65B93769}.Debug|Any CPU.Build.0 = Debug|Any CPU
		{1ADE9CF1-20AF-4CD8-90C8-F32E65B93769}.Release|Any CPU.ActiveCfg = Release|Any CPU
		{1ADE9CF1-20AF-4CD8-90C8-F32E65B93769}.Release|Any CPU.Build.0 = Release|Any CPU
	EndGlobalSection
	GlobalSection(SolutionProperties) = preSolution
		HideSolutionNode = FALSE
	EndGlobalSection
	GlobalSection(ExtensibilityGlobals) = postSolution
		SolutionGuid = {6B8A1D73-583C-42C1-ACB5-D83D6DFBC791}
	EndGlobalSection
EndGlobal
